
Microsoft Visual Studio Solution File, Format Version 12.00
# Visual Studio Version 17
VisualStudioVersion = 17.14.37111.16 d17.14
MinimumVisualStudioVersion = 10.0.40219.1
Project("{FAE04EC0-301F-11D3-BF4B-00C04F79EFBC}") = "pract_ima", "pract_ima\pract_ima.csproj", "{BC4BEB2E-CB37-467A-844C-C3403485B649}"
EndProject
Global
	GlobalSection(SolutionConfigurationPlatforms) = preSolution
		Debug|Any CPU = Debug|Any CPU
		Release|Any CPU = Release|Any CPU
	EndGlobalSection
	GlobalSection(ProjectConfigurationPlatforms) = postSolution
		{BC4BEB2E-CB37-467A-844C-C3403485B649}.Debug|Any CPU.ActiveCfg = Debug|Any CPU
		{BC4BEB2E-CB37-467A-844C-C3403485B649}.Debug|Any CPU.Build.0 = Debug|Any CPU
		{BC4BEB2E-CB37-467A-844C-C3403485B649}.Release|Any CPU.ActiveCfg = Release|Any CPU
		{BC4BEB2E-CB37-467A-844C-C3403485B649}.Release|Any CPU.Build.0 = Release|Any CPU
	EndGlobalSection
	GlobalSection(SolutionProperties) = preSolution
		HideSolutionNode = FALSE
	EndGlobalSection
	GlobalSection(ExtensibilityGlobals) = postSolution
		SolutionGuid = {C115CFB2-642F-4BBE-90DA-4476281D6E78}
	EndGlobalSection
EndGlobal
